
Microsoft Visual Studio Solution File, Format Version 12.00
# Visual Studio 2012
Project("{FAE04EC0-301F-11D3-BF4B-00C04F79EFBC}") = "lib.micajah.common", "lib.micajah.common\lib.micajah.common.csproj", "{10D2CA35-30D2-4291-9133-4F675C8B3B29}"
EndProject
Project("{00D1A9C2-B5F0-4AF3-8072-F6C62B433612}") = "db.micajah.common.master", "db.micajah.common.master\db.micajah.common.master.sqlproj", "{E8220301-5D09-4198-A343-D7A806700558}"
EndProject
Project("{00D1A9C2-B5F0-4AF3-8072-F6C62B433612}") = "db.micajah.common.client", "db.micajah.common.client\db.micajah.common.client.sqlproj", "{4EF15BA9-2DAD-4D02-89FC-9F13D8904B30}"
EndProject
Project("{FAE04EC0-301F-11D3-BF4B-00C04F79EFBC}") = "web.micajah.common", "web.micajah.common\web.micajah.common.csproj", "{D782F7DD-A397-4846-B1D4-D5543C86AFE6}"
EndProject
Project("{2150E333-8FDC-42A3-9474-1A3956D46DE8}") = "bin Shared", "bin Shared", "{5E6DC827-8607-4285-800A-200447C2A8C6}"
	ProjectSection(SolutionItems) = preProject
		bin Shared\ChargifyNET.dll = bin Shared\ChargifyNET.dll
		bin Shared\ChargifyNET.pdb = bin Shared\ChargifyNET.pdb
		bin Shared\DotNetOpenAuth.Core.dll = bin Shared\DotNetOpenAuth.Core.dll
		bin Shared\DotNetOpenAuth.Core.pdb = bin Shared\DotNetOpenAuth.Core.pdb
		bin Shared\DotNetOpenAuth.OAuth.Common.dll = bin Shared\DotNetOpenAuth.OAuth.Common.dll
		bin Shared\DotNetOpenAuth.OAuth.Common.pdb = bin Shared\DotNetOpenAuth.OAuth.Common.pdb
		bin Shared\DotNetOpenAuth.OAuth.dll = bin Shared\DotNetOpenAuth.OAuth.dll
		bin Shared\DotNetOpenAuth.OAuth.pdb = bin Shared\DotNetOpenAuth.OAuth.pdb
		bin Shared\DotNetOpenAuth.OAuth.ServiceProvider.dll = bin Shared\DotNetOpenAuth.OAuth.ServiceProvider.dll
		bin Shared\DotNetOpenAuth.OAuth.ServiceProvider.pdb = bin Shared\DotNetOpenAuth.OAuth.ServiceProvider.pdb
		bin Shared\DotNetOpenAuth.OpenId.dll = bin Shared\DotNetOpenAuth.OpenId.dll
		bin Shared\DotNetOpenAuth.OpenId.pdb = bin Shared\DotNetOpenAuth.OpenId.pdb
		bin Shared\DotNetOpenAuth.OpenId.RelyingParty.dll = bin Shared\DotNetOpenAuth.OpenId.RelyingParty.dll
		bin Shared\DotNetOpenAuth.OpenId.RelyingParty.pdb = bin Shared\DotNetOpenAuth.OpenId.RelyingParty.pdb
		bin Shared\EPPlus.dll = bin Shared\EPPlus.dll
		bin Shared\EPPlus.pdb = bin Shared\EPPlus.pdb
		bin Shared\EPPlus.XML = bin Shared\EPPlus.XML
		bin Shared\Google.GData.Apps.dll = bin Shared\Google.GData.Apps.dll
		bin Shared\Google.GData.Client.dll = bin Shared\Google.GData.Client.dll
		bin Shared\Google.GData.Extensions.dll = bin Shared\Google.GData.Extensions.dll
		bin Shared\Micajah.Common.LdapAdapter.dll = bin Shared\Micajah.Common.LdapAdapter.dll
		bin Shared\Micajah.Common.LdapAdapter.pdb = bin Shared\Micajah.Common.LdapAdapter.pdb
		bin Shared\Newtonsoft.Json.dll = bin Shared\Newtonsoft.Json.dll
		bin Shared\Telerik.Web.Design.dll = bin Shared\Telerik.Web.Design.dll
		bin Shared\Telerik.Web.UI.dll = bin Shared\Telerik.Web.UI.dll
		bin Shared\Telerik.Web.UI.Skins.dll = bin Shared\Telerik.Web.UI.Skins.dll
	EndProjectSection
EndProject
Global
	GlobalSection(SolutionConfigurationPlatforms) = preSolution
		Debug|Any CPU = Debug|Any CPU
		Release|Any CPU = Release|Any CPU
	EndGlobalSection
	GlobalSection(ProjectConfigurationPlatforms) = postSolution
		{10D2CA35-30D2-4291-9133-4F675C8B3B29}.Debug|Any CPU.ActiveCfg = Debug|Any CPU
		{10D2CA35-30D2-4291-9133-4F675C8B3B29}.Debug|Any CPU.Build.0 = Debug|Any CPU
		{10D2CA35-30D2-4291-9133-4F675C8B3B29}.Release|Any CPU.ActiveCfg = Release|Any CPU
		{10D2CA35-30D2-4291-9133-4F675C8B3B29}.Release|Any CPU.Build.0 = Release|Any CPU
		{E8220301-5D09-4198-A343-D7A806700558}.Debug|Any CPU.ActiveCfg = Debug|Any CPU
		{E8220301-5D09-4198-A343-D7A806700558}.Debug|Any CPU.Build.0 = Debug|Any CPU
		{E8220301-5D09-4198-A343-D7A806700558}.Release|Any CPU.ActiveCfg = Release|Any CPU
		{E8220301-5D09-4198-A343-D7A806700558}.Release|Any CPU.Build.0 = Release|Any CPU
		{E8220301-5D09-4198-A343-D7A806700558}.Release|Any CPU.Deploy.0 = Release|Any CPU
		{4EF15BA9-2DAD-4D02-89FC-9F13D8904B30}.Debug|Any CPU.ActiveCfg = Debug|Any CPU
		{4EF15BA9-2DAD-4D02-89FC-9F13D8904B30}.Debug|Any CPU.Build.0 = Debug|Any CPU
		{4EF15BA9-2DAD-4D02-89FC-9F13D8904B30}.Release|Any CPU.ActiveCfg = Release|Any CPU
		{4EF15BA9-2DAD-4D02-89FC-9F13D8904B30}.Release|Any CPU.Build.0 = Release|Any CPU
		{4EF15BA9-2DAD-4D02-89FC-9F13D8904B30}.Release|Any CPU.Deploy.0 = Release|Any CPU
		{D782F7DD-A397-4846-B1D4-D5543C86AFE6}.Debug|Any CPU.ActiveCfg = Debug|Any CPU
		{D782F7DD-A397-4846-B1D4-D5543C86AFE6}.Debug|Any CPU.Build.0 = Debug|Any CPU
		{D782F7DD-A397-4846-B1D4-D5543C86AFE6}.Release|Any CPU.ActiveCfg = Release|Any CPU
		{D782F7DD-A397-4846-B1D4-D5543C86AFE6}.Release|Any CPU.Build.0 = Release|Any CPU
	EndGlobalSection
	GlobalSection(SolutionProperties) = preSolution
		HideSolutionNode = FALSE
	EndGlobalSection
EndGlobal
